// !$*UTF8*$!
{
	archiveVersion = 1;
	classes = {
	};
	objectVersion = 52;
	objects = {

/* Begin PBXBuildFile section */
		89DC78CB59A4FD4109F5F8BB /* Pods_UpdateTest.framework in Frameworks */ = {isa = PBXBuildFile; fileRef = FC75617C3901A4FC5AE10AA4 /* Pods_UpdateTest.framework */; };
		FA8463F2245AB1060091A83E /* AppDelegate.swift in Sources */ = {isa = PBXBuildFile; fileRef = FA8463F1245AB1060091A83E /* AppDelegate.swift */; };
		FA8463F4245AB1060091A83E /* ViewController.swift in Sources */ = {isa = PBXBuildFile; fileRef = FA8463F3245AB1060091A83E /* ViewController.swift */; };
		FA8463F6245AB1090091A83E /* Assets.xcassets in Resources */ = {isa = PBXBuildFile; fileRef = FA8463F5245AB1090091A83E /* Assets.xcassets */; };
		FA8463F9245AB1090091A83E /* Main.storyboard in Resources */ = {isa = PBXBuildFile; fileRef = FA8463F7245AB1090091A83E /* Main.storyboard */; };
		FA846406245ABC660091A83E /* AppUpdater in Frameworks */ = {isa = PBXBuildFile; productRef = FA846405245ABC660091A83E /* AppUpdater */; };
		FAE2E407245C331E009F539C /* dsa_pub.pem in Resources */ = {isa = PBXBuildFile; fileRef = FAE2E406245C331E009F539C /* dsa_pub.pem */; };
/* End PBXBuildFile section */

/* Begin PBXFileReference section */
		0DE383A7C5F209A76A96F6AB /* Pods-UpdateTest.debug.xcconfig */ = {isa = PBXFileReference; includeInIndex = 1; lastKnownFileType = text.xcconfig; name = "Pods-UpdateTest.debug.xcconfig"; path = "Target Support Files/Pods-UpdateTest/Pods-UpdateTest.debug.xcconfig"; sourceTree = "<group>"; };
		6C2399EA01FCC21BAC9693B1 /* Pods-UpdateTest.release.xcconfig */ = {isa = PBXFileReference; includeInIndex = 1; lastKnownFileType = text.xcconfig; name = "Pods-UpdateTest.release.xcconfig"; path = "Target Support Files/Pods-UpdateTest/Pods-UpdateTest.release.xcconfig"; sourceTree = "<group>"; };
		FA8463EE245AB1060091A83E /* UpdateTest.app */ = {isa = PBXFileReference; explicitFileType = wrapper.application; includeInIndex = 0; path = UpdateTest.app; sourceTree = BUILT_PRODUCTS_DIR; };
		FA8463F1245AB1060091A83E /* AppDelegate.swift */ = {isa = PBXFileReference; lastKnownFileType = sourcecode.swift; path = AppDelegate.swift; sourceTree = "<group>"; };
		FA8463F3245AB1060091A83E /* ViewController.swift */ = {isa = PBXFileReference; lastKnownFileType = sourcecode.swift; path = ViewController.swift; sourceTree = "<group>"; };
		FA8463F5245AB1090091A83E /* Assets.xcassets */ = {isa = PBXFileReference; lastKnownFileType = folder.assetcatalog; path = Assets.xcassets; sourceTree = "<group>"; };
		FA8463F8245AB1090091A83E /* Base */ = {isa = PBXFileReference; lastKnownFileType = file.storyboard; name = Base; path = Base.lproj/Main.storyboard; sourceTree = "<group>"; };
		FA8463FA245AB1090091A83E /* Info.plist */ = {isa = PBXFileReference; lastKnownFileType = text.plist.xml; path = Info.plist; sourceTree = "<group>"; };
		FA8463FB245AB1090091A83E /* UpdateTest.entitlements */ = {isa = PBXFileReference; lastKnownFileType = text.plist.entitlements; path = UpdateTest.entitlements; sourceTree = "<group>"; };
		FAE2E406245C331E009F539C /* dsa_pub.pem */ = {isa = PBXFileReference; fileEncoding = 4; lastKnownFileType = text; name = dsa_pub.pem; path = "../../../../Downloads/Sparkle-1.18.0/dsa_pub.pem"; sourceTree = "<group>"; };
		FC75617C3901A4FC5AE10AA4 /* Pods_UpdateTest.framework */ = {isa = PBXFileReference; explicitFileType = wrapper.framework; includeInIndex = 0; path = Pods_UpdateTest.framework; sourceTree = BUILT_PRODUCTS_DIR; };
/* End PBXFileReference section */

/* Begin PBXFrameworksBuildPhase section */
		FA8463EB245AB1060091A83E /* Frameworks */ = {
			isa = PBXFrameworksBuildPhase;
			buildActionMask = 2147483647;
			files = (
				FA846406245ABC660091A83E /* AppUpdater in Frameworks */,
				89DC78CB59A4FD4109F5F8BB /* Pods_UpdateTest.framework in Frameworks */,
			);
			runOnlyForDeploymentPostprocessing = 0;
		};
/* End PBXFrameworksBuildPhase section */

/* Begin PBXGroup section */
		0F30E682FBD722732ADF241D /* Pods */ = {
			isa = PBXGroup;
			children = (
				0DE383A7C5F209A76A96F6AB /* Pods-UpdateTest.debug.xcconfig */,
				6C2399EA01FCC21BAC9693B1 /* Pods-UpdateTest.release.xcconfig */,
			);
			path = Pods;
			sourceTree = "<group>";
		};
		A797A6E7A1E71D2C1FF97D9B /* Frameworks */ = {
			isa = PBXGroup;
			children = (
				FC75617C3901A4FC5AE10AA4 /* Pods_UpdateTest.framework */,
			);
			name = Frameworks;
			sourceTree = "<group>";
		};
		FA8463E5245AB1060091A83E = {
			isa = PBXGroup;
			children = (
				FA8463F0245AB1060091A83E /* UpdateTest */,
				FA8463EF245AB1060091A83E /* Products */,
				0F30E682FBD722732ADF241D /* Pods */,
				A797A6E7A1E71D2C1FF97D9B /* Frameworks */,
			);
			sourceTree = "<group>";
		};
		FA8463EF245AB1060091A83E /* Products */ = {
			isa = PBXGroup;
			children = (
				FA8463EE245AB1060091A83E /* UpdateTest.app */,
			);
			name = Products;
			sourceTree = "<group>";
		};
		FA8463F0245AB1060091A83E /* UpdateTest */ = {
			isa = PBXGroup;
			children = (
				FA8463F1245AB1060091A83E /* AppDelegate.swift */,
				FA8463F3245AB1060091A83E /* ViewController.swift */,
				FA8463F5245AB1090091A83E /* Assets.xcassets */,
				FA8463F7245AB1090091A83E /* Main.storyboard */,
				FA8463FA245AB1090091A83E /* Info.plist */,
				FA8463FB245AB1090091A83E /* UpdateTest.entitlements */,
				FAE2E406245C331E009F539C /* dsa_pub.pem */,
			);
			path = UpdateTest;
			sourceTree = "<group>";
		};
/* End PBXGroup section */

/* Begin PBXNativeTarget section */
		FA8463ED245AB1060091A83E /* UpdateTest */ = {
			isa = PBXNativeTarget;
			buildConfigurationList = FA8463FE245AB1090091A83E /* Build configuration list for PBXNativeTarget "UpdateTest" */;
			buildPhases = (
				3B25D126142B5173C5FC9C6F /* [CP] Check Pods Manifest.lock */,
				FA8463EA245AB1060091A83E /* Sources */,
				FA8463EB245AB1060091A83E /* Frameworks */,
				FA8463EC245AB1060091A83E /* Resources */,
				4017B7D5D196F811B6112B86 /* [CP] Embed Pods Frameworks */,
			);
			buildRules = (
			);
			dependencies = (
			);
			name = UpdateTest;
			packageProductDependencies = (
				FA846405245ABC660091A83E /* AppUpdater */,
			);
			productName = UpdateTest;
			productReference = FA8463EE245AB1060091A83E /* UpdateTest.app */;
			productType = "com.apple.product-type.application";
		};
/* End PBXNativeTarget section */

/* Begin PBXProject section */
		FA8463E6245AB1060091A83E /* Project object */ = {
			isa = PBXProject;
			attributes = {
				LastSwiftUpdateCheck = 1140;
				LastUpgradeCheck = 1140;
				ORGANIZATIONNAME = "Alex Perathoner";
				TargetAttributes = {
					FA8463ED245AB1060091A83E = {
						CreatedOnToolsVersion = 11.4.1;
					};
				};
			};
			buildConfigurationList = FA8463E9245AB1060091A83E /* Build configuration list for PBXProject "UpdateTest" */;
			compatibilityVersion = "Xcode 9.3";
			developmentRegion = en;
			hasScannedForEncodings = 0;
			knownRegions = (
				en,
				Base,
			);
			mainGroup = FA8463E5245AB1060091A83E;
			packageReferences = (
				FA846404245ABC660091A83E /* XCRemoteSwiftPackageReference "AppUpdater" */,
			);
			productRefGroup = FA8463EF245AB1060091A83E /* Products */;
			projectDirPath = "";
			projectRoot = "";
			targets = (
				FA8463ED245AB1060091A83E /* UpdateTest */,
			);
		};
/* End PBXProject section */

/* Begin PBXResourcesBuildPhase section */
		FA8463EC245AB1060091A83E /* Resources */ = {
			isa = PBXResourcesBuildPhase;
			buildActionMask = 2147483647;
			files = (
				FA8463F6245AB1090091A83E /* Assets.xcassets in Resources */,
				FAE2E407245C331E009F539C /* dsa_pub.pem in Resources */,
				FA8463F9245AB1090091A83E /* Main.storyboard in Resources */,
			);
			runOnlyForDeploymentPostprocessing = 0;
		};
/* End PBXResourcesBuildPhase section */

/* Begin PBXShellScriptBuildPhase section */
		3B25D126142B5173C5FC9C6F /* [CP] Check Pods Manifest.lock */ = {
			isa = PBXShellScriptBuildPhase;
			buildActionMask = 2147483647;
			files = (
			);
			inputFileListPaths = (
			);
			inputPaths = (
				"${PODS_PODFILE_DIR_PATH}/Podfile.lock",
				"${PODS_ROOT}/Manifest.lock",
			);
			name = "[CP] Check Pods Manifest.lock";
			outputFileListPaths = (
			);
			outputPaths = (
				"$(DERIVED_FILE_DIR)/Pods-UpdateTest-checkManifestLockResult.txt",
			);
			runOnlyForDeploymentPostprocessing = 0;
			shellPath = /bin/sh;
			shellScript = "diff \"${PODS_PODFILE_DIR_PATH}/Podfile.lock\" \"${PODS_ROOT}/Manifest.lock\" > /dev/null\nif [ $? != 0 ] ; then\n    # print error to STDERR\n    echo \"error: The sandbox is not in sync with the Podfile.lock. Run 'pod install' or update your CocoaPods installation.\" >&2\n    exit 1\nfi\n# This output is used by Xcode 'outputs' to avoid re-running this script phase.\necho \"SUCCESS\" > \"${SCRIPT_OUTPUT_FILE_0}\"\n";
			showEnvVarsInLog = 0;
		};
		4017B7D5D196F811B6112B86 /* [CP] Embed Pods Frameworks */ = {
			isa = PBXShellScriptBuildPhase;
			buildActionMask = 2147483647;
			files = (
			);
			inputFileListPaths = (
				"${PODS_ROOT}/Target Support Files/Pods-UpdateTest/Pods-UpdateTest-frameworks-${CONFIGURATION}-input-files.xcfilelist",
			);
			name = "[CP] Embed Pods Frameworks";
			outputFileListPaths = (
				"${PODS_ROOT}/Target Support Files/Pods-UpdateTest/Pods-UpdateTest-frameworks-${CONFIGURATION}-output-files.xcfilelist",
			);
			runOnlyForDeploymentPostprocessing = 0;
			shellPath = /bin/sh;
			shellScript = "\"${PODS_ROOT}/Target Support Files/Pods-UpdateTest/Pods-UpdateTest-frameworks.sh\"\n";
			showEnvVarsInLog = 0;
		};
/* End PBXShellScriptBuildPhase section */

/* Begin PBXSourcesBuildPhase section */
		FA8463EA245AB1060091A83E /* Sources */ = {
			isa = PBXSourcesBuildPhase;
			buildActionMask = 2147483647;
			files = (
				FA8463F4245AB1060091A83E /* ViewController.swift in Sources */,
				FA8463F2245AB1060091A83E /* AppDelegate.swift in Sources */,
			);
			runOnlyForDeploymentPostprocessing = 0;
		};
/* End PBXSourcesBuildPhase section */

/* Begin PBXVariantGroup section */
		FA8463F7245AB1090091A83E /* Main.storyboard */ = {
			isa = PBXVariantGroup;
			children = (
				FA8463F8245AB1090091A83E /* Base */,
			);
			name = Main.storyboard;
			sourceTree = "<group>";
		};
/* End PBXVariantGroup section */

/* Begin XCBuildConfiguration section */
		FA8463FC245AB1090091A83E /* Debug */ = {
			isa = XCBuildConfiguration;
			buildSettings = {
				ALWAYS_SEARCH_USER_PATHS = NO;
				CLANG_ANALYZER_NONNULL = YES;
				CLANG_ANALYZER_NUMBER_OBJECT_CONVERSION = YES_AGGRESSIVE;
				CLANG_CXX_LANGUAGE_STANDARD = "gnu++14";
				CLANG_CXX_LIBRARY = "libc++";
				CLANG_ENABLE_MODULES = YES;
				CLANG_ENABLE_OBJC_ARC = YES;
				CLANG_ENABLE_OBJC_WEAK = YES;
				CLANG_WARN_BLOCK_CAPTURE_AUTORELEASING = YES;
				CLANG_WARN_BOOL_CONVERSION = YES;
				CLANG_WARN_COMMA = YES;
				CLANG_WARN_CONSTANT_CONVERSION = YES;
				CLANG_WARN_DEPRECATED_OBJC_IMPLEMENTATIONS = YES;
				CLANG_WARN_DIRECT_OBJC_ISA_USAGE = YES_ERROR;
				CLANG_WARN_DOCUMENTATION_COMMENTS = YES;
				CLANG_WARN_EMPTY_BODY = YES;
				CLANG_WARN_ENUM_CONVERSION = YES;
				CLANG_WARN_INFINITE_RECURSION = YES;
				CLANG_WARN_INT_CONVERSION = YES;
				CLANG_WARN_NON_LITERAL_NULL_CONVERSION = YES;
				CLANG_WARN_OBJC_IMPLICIT_RETAIN_SELF = YES;
				CLANG_WARN_OBJC_LITERAL_CONVERSION = YES;
				CLANG_WARN_OBJC_ROOT_CLASS = YES_ERROR;
				CLANG_WARN_RANGE_LOOP_ANALYSIS = YES;
				CLANG_WARN_STRICT_PROTOTYPES = YES;
				CLANG_WARN_SUSPICIOUS_MOVE = YES;
				CLANG_WARN_UNGUARDED_AVAILABILITY = YES_AGGRESSIVE;
				CLANG_WARN_UNREACHABLE_CODE = YES;
				CLANG_WARN__DUPLICATE_METHOD_MATCH = YES;
				COPY_PHASE_STRIP = NO;
				DEBUG_INFORMATION_FORMAT = dwarf;
				ENABLE_STRICT_OBJC_MSGSEND = YES;
				ENABLE_TESTABILITY = YES;
				GCC_C_LANGUAGE_STANDARD = gnu11;
				GCC_DYNAMIC_NO_PIC = NO;
				GCC_NO_COMMON_BLOCKS = YES;
				GCC_OPTIMIZATION_LEVEL = 0;
				GCC_PREPROCESSOR_DEFINITIONS = (
					"DEBUG=1",
					"$(inherited)",
				);
				GCC_WARN_64_TO_32_BIT_CONVERSION = YES;
				GCC_WARN_ABOUT_RETURN_TYPE = YES_ERROR;
				GCC_WARN_UNDECLARED_SELECTOR = YES;
				GCC_WARN_UNINITIALIZED_AUTOS = YES_AGGRESSIVE;
				GCC_WARN_UNUSED_FUNCTION = YES;
				GCC_WARN_UNUSED_VARIABLE = YES;
				MACOSX_DEPLOYMENT_TARGET = 10.15;
				MTL_ENABLE_DEBUG_INFO = INCLUDE_SOURCE;
				MTL_FAST_MATH = YES;
				ONLY_ACTIVE_ARCH = YES;
				SDKROOT = macosx;
				SWIFT_ACTIVE_COMPILATION_CONDITIONS = DEBUG;
				SWIFT_OPTIMIZATION_LEVEL = "-Onone";
			};
			name = Debug;
		};
		FA8463FD245AB1090091A83E /* Release */ = {
			isa = XCBuildConfiguration;
			buildSettings = {
				ALWAYS_SEARCH_USER_PATHS = NO;
				CLANG_ANALYZER_NONNULL = YES;
				CLANG_ANALYZER_NUMBER_OBJECT_CONVERSION = YES_AGGRESSIVE;
				CLANG_CXX_LANGUAGE_STANDARD = "gnu++14";
				CLANG_CXX_LIBRARY = "libc++";
				CLANG_ENABLE_MODULES = YES;
				CLANG_ENABLE_OBJC_ARC = YES;
				CLANG_ENABLE_OBJC_WEAK = YES;
				CLANG_WARN_BLOCK_CAPTURE_AUTORELEASING = YES;
				CLANG_WARN_BOOL_CONVERSION = YES;
				CLANG_WARN_COMMA = YES;
				CLANG_WARN_CONSTANT_CONVERSION = YES;
				CLANG_WARN_DEPRECATED_OBJC_IMPLEMENTATIONS = YES;
				CLANG_WARN_DIRECT_OBJC_ISA_USAGE = YES_ERROR;
				CLANG_WARN_DOCUMENTATION_COMMENTS = YES;
				CLANG_WARN_EMPTY_BODY = YES;
				CLANG_WARN_ENUM_CONVERSION = YES;
				CLANG_WARN_INFINITE_RECURSION = YES;
				CLANG_WARN_INT_CONVERSION = YES;
				CLANG_WARN_NON_LITERAL_NULL_CONVERSION = YES;
				CLANG_WARN_OBJC_IMPLICIT_RETAIN_SELF = YES;
				CLANG_WARN_OBJC_LITERAL_CONVERSION = YES;
				CLANG_WARN_OBJC_ROOT_CLASS = YES_ERROR;
				CLANG_WARN_RANGE_LOOP_ANALYSIS = YES;
				CLANG_WARN_STRICT_PROTOTYPES = YES;
				CLANG_WARN_SUSPICIOUS_MOVE = YES;
				CLANG_WARN_UNGUARDED_AVAILABILITY = YES_AGGRESSIVE;
				CLANG_WARN_UNREACHABLE_CODE = YES;
				CLANG_WARN__DUPLICATE_METHOD_MATCH = YES;
				COPY_PHASE_STRIP = NO;
				DEBUG_INFORMATION_FORMAT = "dwarf-with-dsym";
				ENABLE_NS_ASSERTIONS = NO;
				ENABLE_STRICT_OBJC_MSGSEND = YES;
				GCC_C_LANGUAGE_STANDARD = gnu11;
				GCC_NO_COMMON_BLOCKS = YES;
				GCC_WARN_64_TO_32_BIT_CONVERSION = YES;
				GCC_WARN_ABOUT_RETURN_TYPE = YES_ERROR;
				GCC_WARN_UNDECLARED_SELECTOR = YES;
				GCC_WARN_UNINITIALIZED_AUTOS = YES_AGGRESSIVE;
				GCC_WARN_UNUSED_FUNCTION = YES;
				GCC_WARN_UNUSED_VARIABLE = YES;
				MACOSX_DEPLOYMENT_TARGET = 10.15;
				MTL_ENABLE_DEBUG_INFO = NO;
				MTL_FAST_MATH = YES;
				SDKROOT = macosx;
				SWIFT_COMPILATION_MODE = wholemodule;
				SWIFT_OPTIMIZATION_LEVEL = "-O";
			};
			name = Release;
		};
		FA8463FF245AB1090091A83E /* Debug */ = {
			isa = XCBuildConfiguration;
			baseConfigurationReference = 0DE383A7C5F209A76A96F6AB /* Pods-UpdateTest.debug.xcconfig */;
			buildSettings = {
				ASSETCATALOG_COMPILER_APPICON_NAME = AppIcon;
				CODE_SIGN_ENTITLEMENTS = UpdateTest/UpdateTest.entitlements;
				CODE_SIGN_IDENTITY = "-";
				CODE_SIGN_STYLE = Automatic;
				COMBINE_HIDPI_IMAGES = YES;
				CURRENT_PROJECT_VERSION = 1;
				DEVELOPMENT_TEAM = XX9N244QQT;
				ENABLE_HARDENED_RUNTIME = NO;
				INFOPLIST_FILE = UpdateTest/Info.plist;
				LD_RUNPATH_SEARCH_PATHS = (
					"$(inherited)",
					"@executable_path/../Frameworks",
				);
				MACOSX_DEPLOYMENT_TARGET = 10.13;
				MARKETING_VERSION = 2.0;
				PRODUCT_BUNDLE_IDENTIFIER = AlexP.UpdateTest;
				PRODUCT_NAME = "$(TARGET_NAME)";
				SWIFT_VERSION = 5.0;
			};
			name = Debug;
		};
		FA846400245AB1090091A83E /* Release */ = {
			isa = XCBuildConfiguration;
			baseConfigurationReference = 6C2399EA01FCC21BAC9693B1 /* Pods-UpdateTest.release.xcconfig */;
			buildSettings = {
				ASSETCATALOG_COMPILER_APPICON_NAME = AppIcon;
				CODE_SIGN_ENTITLEMENTS = UpdateTest/UpdateTest.entitlements;
				CODE_SIGN_IDENTITY = "-";
				CODE_SIGN_STYLE = Automatic;
				COMBINE_HIDPI_IMAGES = YES;
				CURRENT_PROJECT_VERSION = 1;
				DEVELOPMENT_TEAM = XX9N244QQT;
				ENABLE_HARDENED_RUNTIME = NO;
				INFOPLIST_FILE = UpdateTest/Info.plist;
				LD_RUNPATH_SEARCH_PATHS = (
					"$(inherited)",
					"@executable_path/../Frameworks",
				);
				MACOSX_DEPLOYMENT_TARGET = 10.13;
				MARKETING_VERSION = 2.0;
				PRODUCT_BUNDLE_IDENTIFIER = AlexP.UpdateTest;
				PRODUCT_NAME = "$(TARGET_NAME)";
				SWIFT_VERSION = 5.0;
			};
			name = Release;
		};
/* End XCBuildConfiguration section */

/* Begin XCConfigurationList section */
		FA8463E9245AB1060091A83E /* Build configuration list for PBXProject "UpdateTest" */ = {
			isa = XCConfigurationList;
			buildConfigurations = (
				FA8463FC245AB1090091A83E /* Debug */,
				FA8463FD245AB1090091A83E /* Release */,
			);
			defaultConfigurationIsVisible = 0;
			defaultConfigurationName = Release;
		};
		FA8463FE245AB1090091A83E /* Build configuration list for PBXNativeTarget "UpdateTest" */ = {
			isa = XCConfigurationList;
			buildConfigurations = (
				FA8463FF245AB1090091A83E /* Debug */,
				FA846400245AB1090091A83E /* Release */,
			);
			defaultConfigurationIsVisible = 0;
			defaultConfigurationName = Release;
		};
/* End XCConfigurationList section */

/* Begin XCRemoteSwiftPackageReference section */
		FA846404245ABC660091A83E /* XCRemoteSwiftPackageReference "AppUpdater" */ = {
			isa = XCRemoteSwiftPackageReference;
			repositoryURL = "https://github.com/mxcl/AppUpdater";
			requirement = {
				kind = upToNextMajorVersion;
				minimumVersion = 1.1.0;
			};
		};
/* End XCRemoteSwiftPackageReference section */

/* Begin XCSwiftPackageProductDependency section */
		FA846405245ABC660091A83E /* AppUpdater */ = {
			isa = XCSwiftPackageProductDependency;
			package = FA846404245ABC660091A83E /* XCRemoteSwiftPackageReference "AppUpdater" */;
			productName = AppUpdater;
		};
/* End XCSwiftPackageProductDependency section */
	};
	rootObject = FA8463E6245AB1060091A83E /* Project object */;
}
